
Microsoft Visual Studio Solution File, Format Version 12.00
# Visual Studio Version 17
VisualStudioVersion = 17.5.33516.290
MinimumVisualStudioVersion = 10.0.40219.1
Project("{FAE04EC0-301F-11D3-BF4B-00C04F79EFBC}") = "SuperMarisaWorldPrac", "MarisaWorldPrac\SuperMarisaWorldPrac.csproj", "{7F92B997-E9A7-49F0-BA68-AE1A00E9ED3E}"
EndProject
Global
	GlobalSection(SolutionConfigurationPlatforms) = preSolution
		Debug|Any CPU = Debug|Any CPU
		Release|Any CPU = Release|Any CPU
	EndGlobalSection
	GlobalSection(ProjectConfigurationPlatforms) = postSolution
		{7F92B997-E9A7-49F0-BA68-AE1A00E9ED3E}.Debug|Any CPU.ActiveCfg = Debug|Any CPU
		{7F92B997-E9A7-49F0-BA68-AE1A00E9ED3E}.Debug|Any CPU.Build.0 = Debug|Any CPU
		{7F92B997-E9A7-49F0-BA68-AE1A00E9ED3E}.Release|Any CPU.ActiveCfg = Release|Any CPU
		{7F92B997-E9A7-49F0-BA68-AE1A00E9ED3E}.Release|Any CPU.Build.0 = Release|Any CPU
	EndGlobalSection
	GlobalSection(SolutionProperties) = preSolution
		HideSolutionNode = FALSE
	EndGlobalSection
	GlobalSection(ExtensibilityGlobals) = postSolution
		SolutionGuid = {4451A6C7-FA54-438B-89AA-E0BD1661ED42}
	EndGlobalSection
EndGlobal
